// !$*UTF8*$!
{
	archiveVersion = 1;
	classes = {
	};
	objectVersion = 46;
	objects = {

/* Begin PBXBuildFile section */
		4875D7CD507EF0E54DE914F1 /* Pods_fracAppUITests.framework in Frameworks */ = {isa = PBXBuildFile; fileRef = 6580C3EC704797EFF8FD2E4E /* Pods_fracAppUITests.framework */; };
		5B2D4E7B1EAFBAEA003898CC /* MainBeerCell.swift in Sources */ = {isa = PBXBuildFile; fileRef = 5B2D4E7A1EAFBAEA003898CC /* MainBeerCell.swift */; };
		5B44965F1EAD3F41003CAFB1 /* Response+JSON.swift in Sources */ = {isa = PBXBuildFile; fileRef = 5B44965E1EAD3F41003CAFB1 /* Response+JSON.swift */; };
		5B4496611EAD5535003CAFB1 /* MainBeerContract.swift in Sources */ = {isa = PBXBuildFile; fileRef = 5B4496601EAD5535003CAFB1 /* MainBeerContract.swift */; };
		5B4496631EAD5899003CAFB1 /* ViewProtocols.swift in Sources */ = {isa = PBXBuildFile; fileRef = 5B4496621EAD5899003CAFB1 /* ViewProtocols.swift */; };
		5B9F817C1EACEC9000509AAD /* AppDelegate.swift in Sources */ = {isa = PBXBuildFile; fileRef = 5B9F817B1EACEC9000509AAD /* AppDelegate.swift */; };
		5B9F817E1EACEC9000509AAD /* MainBeerViewController.swift in Sources */ = {isa = PBXBuildFile; fileRef = 5B9F817D1EACEC9000509AAD /* MainBeerViewController.swift */; };
		5B9F81811EACEC9000509AAD /* Main.storyboard in Resources */ = {isa = PBXBuildFile; fileRef = 5B9F817F1EACEC9000509AAD /* Main.storyboard */; };
		5B9F81831EACEC9000509AAD /* Assets.xcassets in Resources */ = {isa = PBXBuildFile; fileRef = 5B9F81821EACEC9000509AAD /* Assets.xcassets */; };
		5B9F81861EACEC9000509AAD /* LaunchScreen.storyboard in Resources */ = {isa = PBXBuildFile; fileRef = 5B9F81841EACEC9000509AAD /* LaunchScreen.storyboard */; };
		5B9F81911EACEC9000509AAD /* fracAppTests.swift in Sources */ = {isa = PBXBuildFile; fileRef = 5B9F81901EACEC9000509AAD /* fracAppTests.swift */; };
		5B9F819C1EACEC9000509AAD /* fracAppUITests.swift in Sources */ = {isa = PBXBuildFile; fileRef = 5B9F819B1EACEC9000509AAD /* fracAppUITests.swift */; };
		5BA787071EAD5E5B00F558E1 /* ReusableView.swift in Sources */ = {isa = PBXBuildFile; fileRef = 5BA787061EAD5E5B00F558E1 /* ReusableView.swift */; };
		5BA7870B1EAD6A1000F558E1 /* MainBeerRouter.swift in Sources */ = {isa = PBXBuildFile; fileRef = 5BA7870A1EAD6A1000F558E1 /* MainBeerRouter.swift */; };
		5BA7870D1EAD6DEA00F558E1 /* MainBeerPresenter.swift in Sources */ = {isa = PBXBuildFile; fileRef = 5BA7870C1EAD6DEA00F558E1 /* MainBeerPresenter.swift */; };
		5BA7870F1EAD805E00F558E1 /* MainBeerInteractor.swift in Sources */ = {isa = PBXBuildFile; fileRef = 5BA7870E1EAD805E00F558E1 /* MainBeerInteractor.swift */; };
		5BA787121EAE70EB00F558E1 /* RooContract.swift in Sources */ = {isa = PBXBuildFile; fileRef = 5BA787111EAE70EB00F558E1 /* RooContract.swift */; };
		5BA787141EAE70FB00F558E1 /* RootRouter.swift in Sources */ = {isa = PBXBuildFile; fileRef = 5BA787131EAE70FB00F558E1 /* RootRouter.swift */; };
		5BA7871C1EAF819900F558E1 /* SingleBeerContract.swift in Sources */ = {isa = PBXBuildFile; fileRef = 5BA7871B1EAF819900F558E1 /* SingleBeerContract.swift */; };
		5BDA8CDE1EAD2094006D525C /* Beer.swift in Sources */ = {isa = PBXBuildFile; fileRef = 5BDA8CDD1EAD2094006D525C /* Beer.swift */; };
		5BDA8CE01EAD2549006D525C /* BeerAPI.swift in Sources */ = {isa = PBXBuildFile; fileRef = 5BDA8CDF1EAD2549006D525C /* BeerAPI.swift */; };
		5BDA8CE21EAD2B39006D525C /* BeerAPIManager.swift in Sources */ = {isa = PBXBuildFile; fileRef = 5BDA8CE11EAD2B39006D525C /* BeerAPIManager.swift */; };
		64DF784A35C263D38345ABD1 /* Pods_fracApp.framework in Frameworks */ = {isa = PBXBuildFile; fileRef = 12DD98799E2A057F914B18EB /* Pods_fracApp.framework */; };
		D6A228F100363E9C9503A38D /* Pods_fracAppTests.framework in Frameworks */ = {isa = PBXBuildFile; fileRef = 924911CE2B12ABC1A18BACAA /* Pods_fracAppTests.framework */; };
/* End PBXBuildFile section */

/* Begin PBXContainerItemProxy section */
		5B9F818D1EACEC9000509AAD /* PBXContainerItemProxy */ = {
			isa = PBXContainerItemProxy;
			containerPortal = 5B9F81701EACEC9000509AAD /* Project object */;
			proxyType = 1;
			remoteGlobalIDString = 5B9F81771EACEC9000509AAD;
			remoteInfo = fracApp;
		};
		5B9F81981EACEC9000509AAD /* PBXContainerItemProxy */ = {
			isa = PBXContainerItemProxy;
			containerPortal = 5B9F81701EACEC9000509AAD /* Project object */;
			proxyType = 1;
			remoteGlobalIDString = 5B9F81771EACEC9000509AAD;
			remoteInfo = fracApp;
		};
/* End PBXContainerItemProxy section */

/* Begin PBXFileReference section */
		12DD98799E2A057F914B18EB /* Pods_fracApp.framework */ = {isa = PBXFileReference; explicitFileType = wrapper.framework; includeInIndex = 0; path = Pods_fracApp.framework; sourceTree = BUILT_PRODUCTS_DIR; };
		5B2D4E7A1EAFBAEA003898CC /* MainBeerCell.swift */ = {isa = PBXFileReference; fileEncoding = 4; lastKnownFileType = sourcecode.swift; path = MainBeerCell.swift; sourceTree = "<group>"; };
		5B44965E1EAD3F41003CAFB1 /* Response+JSON.swift */ = {isa = PBXFileReference; fileEncoding = 4; lastKnownFileType = sourcecode.swift; path = "Response+JSON.swift"; sourceTree = "<group>"; };
		5B4496601EAD5535003CAFB1 /* MainBeerContract.swift */ = {isa = PBXFileReference; fileEncoding = 4; lastKnownFileType = sourcecode.swift; path = MainBeerContract.swift; sourceTree = "<group>"; };
		5B4496621EAD5899003CAFB1 /* ViewProtocols.swift */ = {isa = PBXFileReference; fileEncoding = 4; lastKnownFileType = sourcecode.swift; path = ViewProtocols.swift; sourceTree = "<group>"; };
		5B9F81781EACEC9000509AAD /* fracApp.app */ = {isa = PBXFileReference; explicitFileType = wrapper.application; includeInIndex = 0; path = fracApp.app; sourceTree = BUILT_PRODUCTS_DIR; };
		5B9F817B1EACEC9000509AAD /* AppDelegate.swift */ = {isa = PBXFileReference; lastKnownFileType = sourcecode.swift; path = AppDelegate.swift; sourceTree = "<group>"; };
		5B9F817D1EACEC9000509AAD /* MainBeerViewController.swift */ = {isa = PBXFileReference; lastKnownFileType = sourcecode.swift; path = MainBeerViewController.swift; sourceTree = "<group>"; };
		5B9F81801EACEC9000509AAD /* Base */ = {isa = PBXFileReference; lastKnownFileType = file.storyboard; name = Base; path = Base.lproj/Main.storyboard; sourceTree = "<group>"; };
		5B9F81821EACEC9000509AAD /* Assets.xcassets */ = {isa = PBXFileReference; lastKnownFileType = folder.assetcatalog; path = Assets.xcassets; sourceTree = "<group>"; };
		5B9F81851EACEC9000509AAD /* Base */ = {isa = PBXFileReference; lastKnownFileType = file.storyboard; name = Base; path = Base.lproj/LaunchScreen.storyboard; sourceTree = "<group>"; };
		5B9F81871EACEC9000509AAD /* Info.plist */ = {isa = PBXFileReference; lastKnownFileType = text.plist.xml; path = Info.plist; sourceTree = "<group>"; };
		5B9F818C1EACEC9000509AAD /* fracAppTests.xctest */ = {isa = PBXFileReference; explicitFileType = wrapper.cfbundle; includeInIndex = 0; path = fracAppTests.xctest; sourceTree = BUILT_PRODUCTS_DIR; };
		5B9F81901EACEC9000509AAD /* fracAppTests.swift */ = {isa = PBXFileReference; lastKnownFileType = sourcecode.swift; path = fracAppTests.swift; sourceTree = "<group>"; };
		5B9F81921EACEC9000509AAD /* Info.plist */ = {isa = PBXFileReference; lastKnownFileType = text.plist.xml; path = Info.plist; sourceTree = "<group>"; };
		5B9F81971EACEC9000509AAD /* fracAppUITests.xctest */ = {isa = PBXFileReference; explicitFileType = wrapper.cfbundle; includeInIndex = 0; path = fracAppUITests.xctest; sourceTree = BUILT_PRODUCTS_DIR; };
		5B9F819B1EACEC9000509AAD /* fracAppUITests.swift */ = {isa = PBXFileReference; lastKnownFileType = sourcecode.swift; path = fracAppUITests.swift; sourceTree = "<group>"; };
		5B9F819D1EACEC9000509AAD /* Info.plist */ = {isa = PBXFileReference; lastKnownFileType = text.plist.xml; path = Info.plist; sourceTree = "<group>"; };
		5BA787061EAD5E5B00F558E1 /* ReusableView.swift */ = {isa = PBXFileReference; fileEncoding = 4; lastKnownFileType = sourcecode.swift; path = ReusableView.swift; sourceTree = "<group>"; };
		5BA7870A1EAD6A1000F558E1 /* MainBeerRouter.swift */ = {isa = PBXFileReference; fileEncoding = 4; lastKnownFileType = sourcecode.swift; path = MainBeerRouter.swift; sourceTree = "<group>"; };
		5BA7870C1EAD6DEA00F558E1 /* MainBeerPresenter.swift */ = {isa = PBXFileReference; fileEncoding = 4; lastKnownFileType = sourcecode.swift; path = MainBeerPresenter.swift; sourceTree = "<group>"; };
		5BA7870E1EAD805E00F558E1 /* MainBeerInteractor.swift */ = {isa = PBXFileReference; fileEncoding = 4; lastKnownFileType = sourcecode.swift; path = MainBeerInteractor.swift; sourceTree = "<group>"; };
		5BA787111EAE70EB00F558E1 /* RooContract.swift */ = {isa = PBXFileReference; fileEncoding = 4; lastKnownFileType = sourcecode.swift; path = RooContract.swift; sourceTree = "<group>"; };
		5BA787131EAE70FB00F558E1 /* RootRouter.swift */ = {isa = PBXFileReference; fileEncoding = 4; lastKnownFileType = sourcecode.swift; path = RootRouter.swift; sourceTree = "<group>"; };
		5BA7871B1EAF819900F558E1 /* SingleBeerContract.swift */ = {isa = PBXFileReference; fileEncoding = 4; lastKnownFileType = sourcecode.swift; path = SingleBeerContract.swift; sourceTree = "<group>"; };
		5BDA8CDD1EAD2094006D525C /* Beer.swift */ = {isa = PBXFileReference; fileEncoding = 4; lastKnownFileType = sourcecode.swift; path = Beer.swift; sourceTree = "<group>"; };
		5BDA8CDF1EAD2549006D525C /* BeerAPI.swift */ = {isa = PBXFileReference; fileEncoding = 4; lastKnownFileType = sourcecode.swift; path = BeerAPI.swift; sourceTree = "<group>"; };
		5BDA8CE11EAD2B39006D525C /* BeerAPIManager.swift */ = {isa = PBXFileReference; fileEncoding = 4; lastKnownFileType = sourcecode.swift; path = BeerAPIManager.swift; sourceTree = "<group>"; };
		6580C3EC704797EFF8FD2E4E /* Pods_fracAppUITests.framework */ = {isa = PBXFileReference; explicitFileType = wrapper.framework; includeInIndex = 0; path = Pods_fracAppUITests.framework; sourceTree = BUILT_PRODUCTS_DIR; };
		6CEFF3AC49DC769690047A56 /* Pods-fracAppTests.debug.xcconfig */ = {isa = PBXFileReference; includeInIndex = 1; lastKnownFileType = text.xcconfig; name = "Pods-fracAppTests.debug.xcconfig"; path = "Pods/Target Support Files/Pods-fracAppTests/Pods-fracAppTests.debug.xcconfig"; sourceTree = "<group>"; };
		924911CE2B12ABC1A18BACAA /* Pods_fracAppTests.framework */ = {isa = PBXFileReference; explicitFileType = wrapper.framework; includeInIndex = 0; path = Pods_fracAppTests.framework; sourceTree = BUILT_PRODUCTS_DIR; };
		A8FEAE775AE5C56A7B8DA3EF /* Pods-fracAppUITests.release.xcconfig */ = {isa = PBXFileReference; includeInIndex = 1; lastKnownFileType = text.xcconfig; name = "Pods-fracAppUITests.release.xcconfig"; path = "Pods/Target Support Files/Pods-fracAppUITests/Pods-fracAppUITests.release.xcconfig"; sourceTree = "<group>"; };
		B3103BB74F567D434F694043 /* Pods-fracAppTests.release.xcconfig */ = {isa = PBXFileReference; includeInIndex = 1; lastKnownFileType = text.xcconfig; name = "Pods-fracAppTests.release.xcconfig"; path = "Pods/Target Support Files/Pods-fracAppTests/Pods-fracAppTests.release.xcconfig"; sourceTree = "<group>"; };
		CDE820BF224729BB8CFA7CB3 /* Pods-fracAppUITests.debug.xcconfig */ = {isa = PBXFileReference; includeInIndex = 1; lastKnownFileType = text.xcconfig; name = "Pods-fracAppUITests.debug.xcconfig"; path = "Pods/Target Support Files/Pods-fracAppUITests/Pods-fracAppUITests.debug.xcconfig"; sourceTree = "<group>"; };
		E1839788C507645A9C7DAF2C /* Pods-fracApp.release.xcconfig */ = {isa = PBXFileReference; includeInIndex = 1; lastKnownFileType = text.xcconfig; name = "Pods-fracApp.release.xcconfig"; path = "Pods/Target Support Files/Pods-fracApp/Pods-fracApp.release.xcconfig"; sourceTree = "<group>"; };
		E7797A2BA693F285DAE8DFB3 /* Pods-fracApp.debug.xcconfig */ = {isa = PBXFileReference; includeInIndex = 1; lastKnownFileType = text.xcconfig; name = "Pods-fracApp.debug.xcconfig"; path = "Pods/Target Support Files/Pods-fracApp/Pods-fracApp.debug.xcconfig"; sourceTree = "<group>"; };
/* End PBXFileReference section */

/* Begin PBXFrameworksBuildPhase section */
		5B9F81751EACEC9000509AAD /* Frameworks */ = {
			isa = PBXFrameworksBuildPhase;
			buildActionMask = 2147483647;
			files = (
				64DF784A35C263D38345ABD1 /* Pods_fracApp.framework in Frameworks */,
			);
			runOnlyForDeploymentPostprocessing = 0;
		};
		5B9F81891EACEC9000509AAD /* Frameworks */ = {
			isa = PBXFrameworksBuildPhase;
			buildActionMask = 2147483647;
			files = (
				D6A228F100363E9C9503A38D /* Pods_fracAppTests.framework in Frameworks */,
			);
			runOnlyForDeploymentPostprocessing = 0;
		};
		5B9F81941EACEC9000509AAD /* Frameworks */ = {
			isa = PBXFrameworksBuildPhase;
			buildActionMask = 2147483647;
			files = (
				4875D7CD507EF0E54DE914F1 /* Pods_fracAppUITests.framework in Frameworks */,
			);
			runOnlyForDeploymentPostprocessing = 0;
		};
/* End PBXFrameworksBuildPhase section */

/* Begin PBXGroup section */
		2812FCBDAFA0248AEFDCB5DF /* Pods */ = {
			isa = PBXGroup;
			children = (
				E7797A2BA693F285DAE8DFB3 /* Pods-fracApp.debug.xcconfig */,
				E1839788C507645A9C7DAF2C /* Pods-fracApp.release.xcconfig */,
				6CEFF3AC49DC769690047A56 /* Pods-fracAppTests.debug.xcconfig */,
				B3103BB74F567D434F694043 /* Pods-fracAppTests.release.xcconfig */,
				CDE820BF224729BB8CFA7CB3 /* Pods-fracAppUITests.debug.xcconfig */,
				A8FEAE775AE5C56A7B8DA3EF /* Pods-fracAppUITests.release.xcconfig */,
			);
			name = Pods;
			sourceTree = "<group>";
		};
		5B44965D1EAD3F18003CAFB1 /* Extensions */ = {
			isa = PBXGroup;
			children = (
				5B44965E1EAD3F41003CAFB1 /* Response+JSON.swift */,
				5BA787061EAD5E5B00F558E1 /* ReusableView.swift */,
			);
			name = Extensions;
			sourceTree = "<group>";
		};
		5B9F816F1EACEC9000509AAD = {
			isa = PBXGroup;
			children = (
				5B9F817A1EACEC9000509AAD /* fracApp */,
				5B9F818F1EACEC9000509AAD /* fracAppTests */,
				5B9F819A1EACEC9000509AAD /* fracAppUITests */,
				5B9F81791EACEC9000509AAD /* Products */,
				2812FCBDAFA0248AEFDCB5DF /* Pods */,
				B47E17390892AE2FD0230BC2 /* Frameworks */,
			);
			sourceTree = "<group>";
		};
		5B9F81791EACEC9000509AAD /* Products */ = {
			isa = PBXGroup;
			children = (
				5B9F81781EACEC9000509AAD /* fracApp.app */,
				5B9F818C1EACEC9000509AAD /* fracAppTests.xctest */,
				5B9F81971EACEC9000509AAD /* fracAppUITests.xctest */,
			);
			name = Products;
			sourceTree = "<group>";
		};
		5B9F817A1EACEC9000509AAD /* fracApp */ = {
			isa = PBXGroup;
			children = (
				5B9F817B1EACEC9000509AAD /* AppDelegate.swift */,
				5BDA8CD21EAD1871006D525C /* Modules */,
				5BDA8CCE1EAD0048006D525C /* Entities */,
				5BDA8CD31EAD1899006D525C /* Utils */,
				5BDA8CD11EAD0120006D525C /* Resources */,
			);
			path = fracApp;
			sourceTree = "<group>";
		};
		5B9F818F1EACEC9000509AAD /* fracAppTests */ = {
			isa = PBXGroup;
			children = (
				5B9F81901EACEC9000509AAD /* fracAppTests.swift */,
				5B9F81921EACEC9000509AAD /* Info.plist */,
			);
			path = fracAppTests;
			sourceTree = "<group>";
		};
		5B9F819A1EACEC9000509AAD /* fracAppUITests */ = {
			isa = PBXGroup;
			children = (
				5B9F819B1EACEC9000509AAD /* fracAppUITests.swift */,
				5B9F819D1EACEC9000509AAD /* Info.plist */,
			);
			path = fracAppUITests;
			sourceTree = "<group>";
		};
		5BA787101EAE70D700F558E1 /* Root */ = {
			isa = PBXGroup;
			children = (
				5BA787111EAE70EB00F558E1 /* RooContract.swift */,
				5BA787131EAE70FB00F558E1 /* RootRouter.swift */,
			);
			name = Root;
			sourceTree = "<group>";
		};
		5BA787151EAF809100F558E1 /* SingleBeerView */ = {
			isa = PBXGroup;
			children = (
				5BA7871A1EAF80CF00F558E1 /* View */,
				5BA787191EAF80CA00F558E1 /* Presenter */,
				5BA787181EAF80C600F558E1 /* Router */,
				5BA787171EAF80BB00F558E1 /* Interactor */,
				5BA787161EAF80B600F558E1 /* Contract */,
			);
			name = SingleBeerView;
			sourceTree = "<group>";
		};
		5BA787161EAF80B600F558E1 /* Contract */ = {
			isa = PBXGroup;
			children = (
				5BA7871B1EAF819900F558E1 /* SingleBeerContract.swift */,
			);
			name = Contract;
			sourceTree = "<group>";
		};
		5BA787171EAF80BB00F558E1 /* Interactor */ = {
			isa = PBXGroup;
			children = (
			);
			name = Interactor;
			sourceTree = "<group>";
		};
		5BA787181EAF80C600F558E1 /* Router */ = {
			isa = PBXGroup;
			children = (
			);
			name = Router;
			sourceTree = "<group>";
		};
		5BA787191EAF80CA00F558E1 /* Presenter */ = {
			isa = PBXGroup;
			children = (
			);
			name = Presenter;
			sourceTree = "<group>";
		};
		5BA7871A1EAF80CF00F558E1 /* View */ = {
			isa = PBXGroup;
			children = (
			);
			name = View;
			sourceTree = "<group>";
		};
		5BDA8CCB1EAD0028006D525C /* View */ = {
			isa = PBXGroup;
			children = (
				5B9F817D1EACEC9000509AAD /* MainBeerViewController.swift */,
				5B2D4E7A1EAFBAEA003898CC /* MainBeerCell.swift */,
				5B9F817F1EACEC9000509AAD /* Main.storyboard */,
			);
			name = View;
			sourceTree = "<group>";
		};
		5BDA8CCE1EAD0048006D525C /* Entities */ = {
			isa = PBXGroup;
			children = (
				5BDA8CDD1EAD2094006D525C /* Beer.swift */,
			);
			name = Entities;
			sourceTree = "<group>";
		};
		5BDA8CD11EAD0120006D525C /* Resources */ = {
			isa = PBXGroup;
			children = (
				5B9F81821EACEC9000509AAD /* Assets.xcassets */,
				5B9F81841EACEC9000509AAD /* LaunchScreen.storyboard */,
				5B9F81871EACEC9000509AAD /* Info.plist */,
			);
			name = Resources;
			sourceTree = "<group>";
		};
		5BDA8CD21EAD1871006D525C /* Modules */ = {
			isa = PBXGroup;
			children = (
				5BA787101EAE70D700F558E1 /* Root */,
				5BDA8CD41EAD18AC006D525C /* MainBeerView */,
				5BA787151EAF809100F558E1 /* SingleBeerView */,
			);
			name = Modules;
			sourceTree = "<group>";
		};
		5BDA8CD31EAD1899006D525C /* Utils */ = {
			isa = PBXGroup;
			children = (
				5BDA8CD91EAD1DE1006D525C /* DataManagers */,
				5B44965D1EAD3F18003CAFB1 /* Extensions */,
				5BDA8CDC1EAD1DFA006D525C /* Protocols */,
			);
			name = Utils;
			sourceTree = "<group>";
		};
		5BDA8CD41EAD18AC006D525C /* MainBeerView */ = {
			isa = PBXGroup;
			children = (
				5BDA8CCB1EAD0028006D525C /* View */,
				5BDA8CD51EAD1DA4006D525C /* Presenter */,
				5BDA8CD81EAD1DBF006D525C /* Router */,
				5BDA8CD71EAD1DB3006D525C /* Interactor */,
				5BDA8CD61EAD1DA9006D525C /* Contract */,
			);
			name = MainBeerView;
			sourceTree = "<group>";
		};
		5BDA8CD51EAD1DA4006D525C /* Presenter */ = {
			isa = PBXGroup;
			children = (
				5BA7870C1EAD6DEA00F558E1 /* MainBeerPresenter.swift */,
			);
			name = Presenter;
			sourceTree = "<group>";
		};
		5BDA8CD61EAD1DA9006D525C /* Contract */ = {
			isa = PBXGroup;
			children = (
				5B4496601EAD5535003CAFB1 /* MainBeerContract.swift */,
			);
			name = Contract;
			sourceTree = "<group>";
		};
		5BDA8CD71EAD1DB3006D525C /* Interactor */ = {
			isa = PBXGroup;
			children = (
				5BA7870E1EAD805E00F558E1 /* MainBeerInteractor.swift */,
			);
			name = Interactor;
			sourceTree = "<group>";
		};
		5BDA8CD81EAD1DBF006D525C /* Router */ = {
			isa = PBXGroup;
			children = (
				5BA7870A1EAD6A1000F558E1 /* MainBeerRouter.swift */,
			);
			name = Router;
			sourceTree = "<group>";
		};
		5BDA8CD91EAD1DE1006D525C /* DataManagers */ = {
			isa = PBXGroup;
			children = (
				5BDA8CDA1EAD1DEB006D525C /* API */,
				5BDA8CDB1EAD1DF1006D525C /* Local */,
			);
			name = DataManagers;
			sourceTree = "<group>";
		};
		5BDA8CDA1EAD1DEB006D525C /* API */ = {
			isa = PBXGroup;
			children = (
				5BDA8CDF1EAD2549006D525C /* BeerAPI.swift */,
				5BDA8CE11EAD2B39006D525C /* BeerAPIManager.swift */,
			);
			name = API;
			sourceTree = "<group>";
		};
		5BDA8CDB1EAD1DF1006D525C /* Local */ = {
			isa = PBXGroup;
			children = (
			);
			name = Local;
			sourceTree = "<group>";
		};
		5BDA8CDC1EAD1DFA006D525C /* Protocols */ = {
			isa = PBXGroup;
			children = (
				5B4496621EAD5899003CAFB1 /* ViewProtocols.swift */,
			);
			name = Protocols;
			sourceTree = "<group>";
		};
		B47E17390892AE2FD0230BC2 /* Frameworks */ = {
			isa = PBXGroup;
			children = (
				12DD98799E2A057F914B18EB /* Pods_fracApp.framework */,
				924911CE2B12ABC1A18BACAA /* Pods_fracAppTests.framework */,
				6580C3EC704797EFF8FD2E4E /* Pods_fracAppUITests.framework */,
			);
			name = Frameworks;
			sourceTree = "<group>";
		};
/* End PBXGroup section */

/* Begin PBXNativeTarget section */
		5B9F81771EACEC9000509AAD /* fracApp */ = {
			isa = PBXNativeTarget;
			buildConfigurationList = 5B9F81A01EACEC9000509AAD /* Build configuration list for PBXNativeTarget "fracApp" */;
			buildPhases = (
				45048D49AF1F6BEC26DD13D7 /* [CP] Check Pods Manifest.lock */,
				5B9F81741EACEC9000509AAD /* Sources */,
				5B9F81751EACEC9000509AAD /* Frameworks */,
				5B9F81761EACEC9000509AAD /* Resources */,
				5569F26EDC7FA980AB6EE045 /* [CP] Embed Pods Frameworks */,
				99775245DC7F3A42822C455F /* [CP] Copy Pods Resources */,
			);
			buildRules = (
			);
			dependencies = (
			);
			name = fracApp;
			productName = fracApp;
			productReference = 5B9F81781EACEC9000509AAD /* fracApp.app */;
			productType = "com.apple.product-type.application";
		};
		5B9F818B1EACEC9000509AAD /* fracAppTests */ = {
			isa = PBXNativeTarget;
			buildConfigurationList = 5B9F81A31EACEC9000509AAD /* Build configuration list for PBXNativeTarget "fracAppTests" */;
			buildPhases = (
				41C821AFAC254892CC0CEF5E /* [CP] Check Pods Manifest.lock */,
				5B9F81881EACEC9000509AAD /* Sources */,
				5B9F81891EACEC9000509AAD /* Frameworks */,
				5B9F818A1EACEC9000509AAD /* Resources */,
				4C289CAE83FEA655D81A40F0 /* [CP] Embed Pods Frameworks */,
				C997D14AB40F274B7E4034F7 /* [CP] Copy Pods Resources */,
			);
			buildRules = (
			);
			dependencies = (
				5B9F818E1EACEC9000509AAD /* PBXTargetDependency */,
			);
			name = fracAppTests;
			productName = fracAppTests;
			productReference = 5B9F818C1EACEC9000509AAD /* fracAppTests.xctest */;
			productType = "com.apple.product-type.bundle.unit-test";
		};
		5B9F81961EACEC9000509AAD /* fracAppUITests */ = {
			isa = PBXNativeTarget;
			buildConfigurationList = 5B9F81A61EACEC9000509AAD /* Build configuration list for PBXNativeTarget "fracAppUITests" */;
			buildPhases = (
				A9E181998E44ED00411D791F /* [CP] Check Pods Manifest.lock */,
				5B9F81931EACEC9000509AAD /* Sources */,
				5B9F81941EACEC9000509AAD /* Frameworks */,
				5B9F81951EACEC9000509AAD /* Resources */,
				CF87DC607986CFC0801E7C19 /* [CP] Embed Pods Frameworks */,
				4499C1859F76B81149793695 /* [CP] Copy Pods Resources */,
			);
			buildRules = (
			);
			dependencies = (
				5B9F81991EACEC9000509AAD /* PBXTargetDependency */,
			);
			name = fracAppUITests;
			productName = fracAppUITests;
			productReference = 5B9F81971EACEC9000509AAD /* fracAppUITests.xctest */;
			productType = "com.apple.product-type.bundle.ui-testing";
		};
/* End PBXNativeTarget section */

/* Begin PBXProject section */
		5B9F81701EACEC9000509AAD /* Project object */ = {
			isa = PBXProject;
			attributes = {
				LastSwiftUpdateCheck = 0830;
				LastUpgradeCheck = 0830;
				ORGANIZATIONNAME = "José Eduardo Vieira Morango";
				TargetAttributes = {
					5B9F81771EACEC9000509AAD = {
						CreatedOnToolsVersion = 8.3.1;
						DevelopmentTeam = 89W7776J34;
						ProvisioningStyle = Automatic;
					};
					5B9F818B1EACEC9000509AAD = {
						CreatedOnToolsVersion = 8.3.1;
						DevelopmentTeam = 89W7776J34;
						ProvisioningStyle = Automatic;
						TestTargetID = 5B9F81771EACEC9000509AAD;
					};
					5B9F81961EACEC9000509AAD = {
						CreatedOnToolsVersion = 8.3.1;
						DevelopmentTeam = 89W7776J34;
						ProvisioningStyle = Automatic;
						TestTargetID = 5B9F81771EACEC9000509AAD;
					};
				};
			};
			buildConfigurationList = 5B9F81731EACEC9000509AAD /* Build configuration list for PBXProject "fracApp" */;
			compatibilityVersion = "Xcode 3.2";
			developmentRegion = English;
			hasScannedForEncodings = 0;
			knownRegions = (
				en,
				Base,
			);
			mainGroup = 5B9F816F1EACEC9000509AAD;
			productRefGroup = 5B9F81791EACEC9000509AAD /* Products */;
			projectDirPath = "";
			projectRoot = "";
			targets = (
				5B9F81771EACEC9000509AAD /* fracApp */,
				5B9F818B1EACEC9000509AAD /* fracAppTests */,
				5B9F81961EACEC9000509AAD /* fracAppUITests */,
			);
		};
/* End PBXProject section */

/* Begin PBXResourcesBuildPhase section */
		5B9F81761EACEC9000509AAD /* Resources */ = {
			isa = PBXResourcesBuildPhase;
			buildActionMask = 2147483647;
			files = (
				5B9F81861EACEC9000509AAD /* LaunchScreen.storyboard in Resources */,
				5B9F81831EACEC9000509AAD /* Assets.xcassets in Resources */,
				5B9F81811EACEC9000509AAD /* Main.storyboard in Resources */,
			);
			runOnlyForDeploymentPostprocessing = 0;
		};
		5B9F818A1EACEC9000509AAD /* Resources */ = {
			isa = PBXResourcesBuildPhase;
			buildActionMask = 2147483647;
			files = (
			);
			runOnlyForDeploymentPostprocessing = 0;
		};
		5B9F81951EACEC9000509AAD /* Resources */ = {
			isa = PBXResourcesBuildPhase;
			buildActionMask = 2147483647;
			files = (
			);
			runOnlyForDeploymentPostprocessing = 0;
		};
/* End PBXResourcesBuildPhase section */

/* Begin PBXShellScriptBuildPhase section */
		41C821AFAC254892CC0CEF5E /* [CP] Check Pods Manifest.lock */ = {
			isa = PBXShellScriptBuildPhase;
			buildActionMask = 2147483647;
			files = (
			);
			inputPaths = (
			);
			name = "[CP] Check Pods Manifest.lock";
			outputPaths = (
			);
			runOnlyForDeploymentPostprocessing = 0;
			shellPath = /bin/sh;
			shellScript = "diff \"${PODS_ROOT}/../Podfile.lock\" \"${PODS_ROOT}/Manifest.lock\" > /dev/null\nif [ $? != 0 ] ; then\n    # print error to STDERR\n    echo \"error: The sandbox is not in sync with the Podfile.lock. Run 'pod install' or update your CocoaPods installation.\" >&2\n    exit 1\nfi\n";
			showEnvVarsInLog = 0;
		};
		4499C1859F76B81149793695 /* [CP] Copy Pods Resources */ = {
			isa = PBXShellScriptBuildPhase;
			buildActionMask = 2147483647;
			files = (
			);
			inputPaths = (
			);
			name = "[CP] Copy Pods Resources";
			outputPaths = (
			);
			runOnlyForDeploymentPostprocessing = 0;
			shellPath = /bin/sh;
			shellScript = "\"${SRCROOT}/Pods/Target Support Files/Pods-fracAppUITests/Pods-fracAppUITests-resources.sh\"\n";
			showEnvVarsInLog = 0;
		};
		45048D49AF1F6BEC26DD13D7 /* [CP] Check Pods Manifest.lock */ = {
			isa = PBXShellScriptBuildPhase;
			buildActionMask = 2147483647;
			files = (
			);
			inputPaths = (
			);
			name = "[CP] Check Pods Manifest.lock";
			outputPaths = (
			);
			runOnlyForDeploymentPostprocessing = 0;
			shellPath = /bin/sh;
			shellScript = "diff \"${PODS_ROOT}/../Podfile.lock\" \"${PODS_ROOT}/Manifest.lock\" > /dev/null\nif [ $? != 0 ] ; then\n    # print error to STDERR\n    echo \"error: The sandbox is not in sync with the Podfile.lock. Run 'pod install' or update your CocoaPods installation.\" >&2\n    exit 1\nfi\n";
			showEnvVarsInLog = 0;
		};
		4C289CAE83FEA655D81A40F0 /* [CP] Embed Pods Frameworks */ = {
			isa = PBXShellScriptBuildPhase;
			buildActionMask = 2147483647;
			files = (
			);
			inputPaths = (
			);
			name = "[CP] Embed Pods Frameworks";
			outputPaths = (
			);
			runOnlyForDeploymentPostprocessing = 0;
			shellPath = /bin/sh;
			shellScript = "\"${SRCROOT}/Pods/Target Support Files/Pods-fracAppTests/Pods-fracAppTests-frameworks.sh\"\n";
			showEnvVarsInLog = 0;
		};
		5569F26EDC7FA980AB6EE045 /* [CP] Embed Pods Frameworks */ = {
			isa = PBXShellScriptBuildPhase;
			buildActionMask = 2147483647;
			files = (
			);
			inputPaths = (
			);
			name = "[CP] Embed Pods Frameworks";
			outputPaths = (
			);
			runOnlyForDeploymentPostprocessing = 0;
			shellPath = /bin/sh;
			shellScript = "\"${SRCROOT}/Pods/Target Support Files/Pods-fracApp/Pods-fracApp-frameworks.sh\"\n";
			showEnvVarsInLog = 0;
		};
		99775245DC7F3A42822C455F /* [CP] Copy Pods Resources */ = {
			isa = PBXShellScriptBuildPhase;
			buildActionMask = 2147483647;
			files = (
			);
			inputPaths = (
			);
			name = "[CP] Copy Pods Resources";
			outputPaths = (
			);
			runOnlyForDeploymentPostprocessing = 0;
			shellPath = /bin/sh;
			shellScript = "\"${SRCROOT}/Pods/Target Support Files/Pods-fracApp/Pods-fracApp-resources.sh\"\n";
			showEnvVarsInLog = 0;
		};
		A9E181998E44ED00411D791F /* [CP] Check Pods Manifest.lock */ = {
			isa = PBXShellScriptBuildPhase;
			buildActionMask = 2147483647;
			files = (
			);
			inputPaths = (
			);
			name = "[CP] Check Pods Manifest.lock";
			outputPaths = (
			);
			runOnlyForDeploymentPostprocessing = 0;
			shellPath = /bin/sh;
			shellScript = "diff \"${PODS_ROOT}/../Podfile.lock\" \"${PODS_ROOT}/Manifest.lock\" > /dev/null\nif [ $? != 0 ] ; then\n    # print error to STDERR\n    echo \"error: The sandbox is not in sync with the Podfile.lock. Run 'pod install' or update your CocoaPods installation.\" >&2\n    exit 1\nfi\n";
			showEnvVarsInLog = 0;
		};
		C997D14AB40F274B7E4034F7 /* [CP] Copy Pods Resources */ = {
			isa = PBXShellScriptBuildPhase;
			buildActionMask = 2147483647;
			files = (
			);
			inputPaths = (
			);
			name = "[CP] Copy Pods Resources";
			outputPaths = (
			);
			runOnlyForDeploymentPostprocessing = 0;
			shellPath = /bin/sh;
			shellScript = "\"${SRCROOT}/Pods/Target Support Files/Pods-fracAppTests/Pods-fracAppTests-resources.sh\"\n";
			showEnvVarsInLog = 0;
		};
		CF87DC607986CFC0801E7C19 /* [CP] Embed Pods Frameworks */ = {
			isa = PBXShellScriptBuildPhase;
			buildActionMask = 2147483647;
			files = (
			);
			inputPaths = (
			);
			name = "[CP] Embed Pods Frameworks";
			outputPaths = (
			);
			runOnlyForDeploymentPostprocessing = 0;
			shellPath = /bin/sh;
			shellScript = "\"${SRCROOT}/Pods/Target Support Files/Pods-fracAppUITests/Pods-fracAppUITests-frameworks.sh\"\n";
			showEnvVarsInLog = 0;
		};
/* End PBXShellScriptBuildPhase section */

/* Begin PBXSourcesBuildPhase section */
		5B9F81741EACEC9000509AAD /* Sources */ = {
			isa = PBXSourcesBuildPhase;
			buildActionMask = 2147483647;
			files = (
				5B2D4E7B1EAFBAEA003898CC /* MainBeerCell.swift in Sources */,
				5BA787071EAD5E5B00F558E1 /* ReusableView.swift in Sources */,
				5BDA8CE21EAD2B39006D525C /* BeerAPIManager.swift in Sources */,
				5BDA8CE01EAD2549006D525C /* BeerAPI.swift in Sources */,
				5B9F817E1EACEC9000509AAD /* MainBeerViewController.swift in Sources */,
				5BA787141EAE70FB00F558E1 /* RootRouter.swift in Sources */,
				5BDA8CDE1EAD2094006D525C /* Beer.swift in Sources */,
				5BA787121EAE70EB00F558E1 /* RooContract.swift in Sources */,
				5BA7870B1EAD6A1000F558E1 /* MainBeerRouter.swift in Sources */,
				5B44965F1EAD3F41003CAFB1 /* Response+JSON.swift in Sources */,
				5B9F817C1EACEC9000509AAD /* AppDelegate.swift in Sources */,
				5BA7871C1EAF819900F558E1 /* SingleBeerContract.swift in Sources */,
				5BA7870D1EAD6DEA00F558E1 /* MainBeerPresenter.swift in Sources */,
				5BA7870F1EAD805E00F558E1 /* MainBeerInteractor.swift in Sources */,
				5B4496631EAD5899003CAFB1 /* ViewProtocols.swift in Sources */,
				5B4496611EAD5535003CAFB1 /* MainBeerContract.swift in Sources */,
			);
			runOnlyForDeploymentPostprocessing = 0;
		};
		5B9F81881EACEC9000509AAD /* Sources */ = {
			isa = PBXSourcesBuildPhase;
			buildActionMask = 2147483647;
			files = (
				5B9F81911EACEC9000509AAD /* fracAppTests.swift in Sources */,
			);
			runOnlyForDeploymentPostprocessing = 0;
		};
		5B9F81931EACEC9000509AAD /* Sources */ = {
			isa = PBXSourcesBuildPhase;
			buildActionMask = 2147483647;
			files = (
				5B9F819C1EACEC9000509AAD /* fracAppUITests.swift in Sources */,
			);
			runOnlyForDeploymentPostprocessing = 0;
		};
/* End PBXSourcesBuildPhase section */

/* Begin PBXTargetDependency section */
		5B9F818E1EACEC9000509AAD /* PBXTargetDependency */ = {
			isa = PBXTargetDependency;
			target = 5B9F81771EACEC9000509AAD /* fracApp */;
			targetProxy = 5B9F818D1EACEC9000509AAD /* PBXContainerItemProxy */;
		};
		5B9F81991EACEC9000509AAD /* PBXTargetDependency */ = {
			isa = PBXTargetDependency;
			target = 5B9F81771EACEC9000509AAD /* fracApp */;
			targetProxy = 5B9F81981EACEC9000509AAD /* PBXContainerItemProxy */;
		};
/* End PBXTargetDependency section */

/* Begin PBXVariantGroup section */
		5B9F817F1EACEC9000509AAD /* Main.storyboard */ = {
			isa = PBXVariantGroup;
			children = (
				5B9F81801EACEC9000509AAD /* Base */,
			);
			name = Main.storyboard;
			sourceTree = "<group>";
		};
		5B9F81841EACEC9000509AAD /* LaunchScreen.storyboard */ = {
			isa = PBXVariantGroup;
			children = (
				5B9F81851EACEC9000509AAD /* Base */,
			);
			name = LaunchScreen.storyboard;
			sourceTree = "<group>";
		};
/* End PBXVariantGroup section */

/* Begin XCBuildConfiguration section */
		5B9F819E1EACEC9000509AAD /* Debug */ = {
			isa = XCBuildConfiguration;
			buildSettings = {
				ALWAYS_SEARCH_USER_PATHS = NO;
				CLANG_ANALYZER_NONNULL = YES;
				CLANG_ANALYZER_NUMBER_OBJECT_CONVERSION = YES_AGGRESSIVE;
				CLANG_CXX_LANGUAGE_STANDARD = "gnu++0x";
				CLANG_CXX_LIBRARY = "libc++";
				CLANG_ENABLE_MODULES = YES;
				CLANG_ENABLE_OBJC_ARC = YES;
				CLANG_WARN_BOOL_CONVERSION = YES;
				CLANG_WARN_CONSTANT_CONVERSION = YES;
				CLANG_WARN_DIRECT_OBJC_ISA_USAGE = YES_ERROR;
				CLANG_WARN_DOCUMENTATION_COMMENTS = YES;
				CLANG_WARN_EMPTY_BODY = YES;
				CLANG_WARN_ENUM_CONVERSION = YES;
				CLANG_WARN_INFINITE_RECURSION = YES;
				CLANG_WARN_INT_CONVERSION = YES;
				CLANG_WARN_OBJC_ROOT_CLASS = YES_ERROR;
				CLANG_WARN_SUSPICIOUS_MOVE = YES;
				CLANG_WARN_UNREACHABLE_CODE = YES;
				CLANG_WARN__DUPLICATE_METHOD_MATCH = YES;
				"CODE_SIGN_IDENTITY[sdk=iphoneos*]" = "iPhone Developer";
				COPY_PHASE_STRIP = NO;
				DEBUG_INFORMATION_FORMAT = dwarf;
				ENABLE_STRICT_OBJC_MSGSEND = YES;
				ENABLE_TESTABILITY = YES;
				GCC_C_LANGUAGE_STANDARD = gnu99;
				GCC_DYNAMIC_NO_PIC = NO;
				GCC_NO_COMMON_BLOCKS = YES;
				GCC_OPTIMIZATION_LEVEL = 0;
				GCC_PREPROCESSOR_DEFINITIONS = (
					"DEBUG=1",
					"$(inherited)",
				);
				GCC_WARN_64_TO_32_BIT_CONVERSION = YES;
				GCC_WARN_ABOUT_RETURN_TYPE = YES_ERROR;
				GCC_WARN_UNDECLARED_SELECTOR = YES;
				GCC_WARN_UNINITIALIZED_AUTOS = YES_AGGRESSIVE;
				GCC_WARN_UNUSED_FUNCTION = YES;
				GCC_WARN_UNUSED_VARIABLE = YES;
				IPHONEOS_DEPLOYMENT_TARGET = 10.3;
				MTL_ENABLE_DEBUG_INFO = YES;
				ONLY_ACTIVE_ARCH = YES;
				SDKROOT = iphoneos;
				SWIFT_ACTIVE_COMPILATION_CONDITIONS = DEBUG;
				SWIFT_OPTIMIZATION_LEVEL = "-Onone";
			};
			name = Debug;
		};
		5B9F819F1EACEC9000509AAD /* Release */ = {
			isa = XCBuildConfiguration;
			buildSettings = {
				ALWAYS_SEARCH_USER_PATHS = NO;
				CLANG_ANALYZER_NONNULL = YES;
				CLANG_ANALYZER_NUMBER_OBJECT_CONVERSION = YES_AGGRESSIVE;
				CLANG_CXX_LANGUAGE_STANDARD = "gnu++0x";
				CLANG_CXX_LIBRARY = "libc++";
				CLANG_ENABLE_MODULES = YES;
				CLANG_ENABLE_OBJC_ARC = YES;
				CLANG_WARN_BOOL_CONVERSION = YES;
				CLANG_WARN_CONSTANT_CONVERSION = YES;
				CLANG_WARN_DIRECT_OBJC_ISA_USAGE = YES_ERROR;
				CLANG_WARN_DOCUMENTATION_COMMENTS = YES;
				CLANG_WARN_EMPTY_BODY = YES;
				CLANG_WARN_ENUM_CONVERSION = YES;
				CLANG_WARN_INFINITE_RECURSION = YES;
				CLANG_WARN_INT_CONVERSION = YES;
				CLANG_WARN_OBJC_ROOT_CLASS = YES_ERROR;
				CLANG_WARN_SUSPICIOUS_MOVE = YES;
				CLANG_WARN_UNREACHABLE_CODE = YES;
				CLANG_WARN__DUPLICATE_METHOD_MATCH = YES;
				"CODE_SIGN_IDENTITY[sdk=iphoneos*]" = "iPhone Developer";
				COPY_PHASE_STRIP = NO;
				DEBUG_INFORMATION_FORMAT = "dwarf-with-dsym";
				ENABLE_NS_ASSERTIONS = NO;
				ENABLE_STRICT_OBJC_MSGSEND = YES;
				GCC_C_LANGUAGE_STANDARD = gnu99;
				GCC_NO_COMMON_BLOCKS = YES;
				GCC_WARN_64_TO_32_BIT_CONVERSION = YES;
				GCC_WARN_ABOUT_RETURN_TYPE = YES_ERROR;
				GCC_WARN_UNDECLARED_SELECTOR = YES;
				GCC_WARN_UNINITIALIZED_AUTOS = YES_AGGRESSIVE;
				GCC_WARN_UNUSED_FUNCTION = YES;
				GCC_WARN_UNUSED_VARIABLE = YES;
				IPHONEOS_DEPLOYMENT_TARGET = 10.3;
				MTL_ENABLE_DEBUG_INFO = NO;
				SDKROOT = iphoneos;
				SWIFT_OPTIMIZATION_LEVEL = "-Owholemodule";
				VALIDATE_PRODUCT = YES;
			};
			name = Release;
		};
		5B9F81A11EACEC9000509AAD /* Debug */ = {
			isa = XCBuildConfiguration;
			baseConfigurationReference = E7797A2BA693F285DAE8DFB3 /* Pods-fracApp.debug.xcconfig */;
			buildSettings = {
				ASSETCATALOG_COMPILER_APPICON_NAME = AppIcon;
				DEVELOPMENT_TEAM = 89W7776J34;
				INFOPLIST_FILE = fracApp/Info.plist;
				LD_RUNPATH_SEARCH_PATHS = "$(inherited) @executable_path/Frameworks";
				PRODUCT_BUNDLE_IDENTIFIER = com.edvmorango.fracApp;
				PRODUCT_NAME = "$(TARGET_NAME)";
				SWIFT_VERSION = 3.0;
			};
			name = Debug;
		};
		5B9F81A21EACEC9000509AAD /* Release */ = {
			isa = XCBuildConfiguration;
			baseConfigurationReference = E1839788C507645A9C7DAF2C /* Pods-fracApp.release.xcconfig */;
			buildSettings = {
				ASSETCATALOG_COMPILER_APPICON_NAME = AppIcon;
				DEVELOPMENT_TEAM = 89W7776J34;
				INFOPLIST_FILE = fracApp/Info.plist;
				LD_RUNPATH_SEARCH_PATHS = "$(inherited) @executable_path/Frameworks";
				PRODUCT_BUNDLE_IDENTIFIER = com.edvmorango.fracApp;
				PRODUCT_NAME = "$(TARGET_NAME)";
				SWIFT_VERSION = 3.0;
			};
			name = Release;
		};
		5B9F81A41EACEC9000509AAD /* Debug */ = {
			isa = XCBuildConfiguration;
			baseConfigurationReference = 6CEFF3AC49DC769690047A56 /* Pods-fracAppTests.debug.xcconfig */;
			buildSettings = {
				ALWAYS_EMBED_SWIFT_STANDARD_LIBRARIES = YES;
				BUNDLE_LOADER = "$(TEST_HOST)";
				DEVELOPMENT_TEAM = 89W7776J34;
				INFOPLIST_FILE = fracAppTests/Info.plist;
				LD_RUNPATH_SEARCH_PATHS = "$(inherited) @executable_path/Frameworks @loader_path/Frameworks";
				PRODUCT_BUNDLE_IDENTIFIER = com.edvmorango.fracAppTests;
				PRODUCT_NAME = "$(TARGET_NAME)";
				SWIFT_VERSION = 3.0;
				TEST_HOST = "$(BUILT_PRODUCTS_DIR)/fracApp.app/fracApp";
			};
			name = Debug;
		};
		5B9F81A51EACEC9000509AAD /* Release */ = {
			isa = XCBuildConfiguration;
			baseConfigurationReference = B3103BB74F567D434F694043 /* Pods-fracAppTests.release.xcconfig */;
			buildSettings = {
				ALWAYS_EMBED_SWIFT_STANDARD_LIBRARIES = YES;
				BUNDLE_LOADER = "$(TEST_HOST)";
				DEVELOPMENT_TEAM = 89W7776J34;
				INFOPLIST_FILE = fracAppTests/Info.plist;
				LD_RUNPATH_SEARCH_PATHS = "$(inherited) @executable_path/Frameworks @loader_path/Frameworks";
				PRODUCT_BUNDLE_IDENTIFIER = com.edvmorango.fracAppTests;
				PRODUCT_NAME = "$(TARGET_NAME)";
				SWIFT_VERSION = 3.0;
				TEST_HOST = "$(BUILT_PRODUCTS_DIR)/fracApp.app/fracApp";
			};
			name = Release;
		};
		5B9F81A71EACEC9000509AAD /* Debug */ = {
			isa = XCBuildConfiguration;
			baseConfigurationReference = CDE820BF224729BB8CFA7CB3 /* Pods-fracAppUITests.debug.xcconfig */;
			buildSettings = {
				ALWAYS_EMBED_SWIFT_STANDARD_LIBRARIES = YES;
				DEVELOPMENT_TEAM = 89W7776J34;
				INFOPLIST_FILE = fracAppUITests/Info.plist;
				LD_RUNPATH_SEARCH_PATHS = "$(inherited) @executable_path/Frameworks @loader_path/Frameworks";
				PRODUCT_BUNDLE_IDENTIFIER = com.edvmorango.fracAppUITests;
				PRODUCT_NAME = "$(TARGET_NAME)";
				SWIFT_VERSION = 3.0;
				TEST_TARGET_NAME = fracApp;
			};
			name = Debug;
		};
		5B9F81A81EACEC9000509AAD /* Release */ = {
			isa = XCBuildConfiguration;
			baseConfigurationReference = A8FEAE775AE5C56A7B8DA3EF /* Pods-fracAppUITests.release.xcconfig */;
			buildSettings = {
				ALWAYS_EMBED_SWIFT_STANDARD_LIBRARIES = YES;
				DEVELOPMENT_TEAM = 89W7776J34;
				INFOPLIST_FILE = fracAppUITests/Info.plist;
				LD_RUNPATH_SEARCH_PATHS = "$(inherited) @executable_path/Frameworks @loader_path/Frameworks";
				PRODUCT_BUNDLE_IDENTIFIER = com.edvmorango.fracAppUITests;
				PRODUCT_NAME = "$(TARGET_NAME)";
				SWIFT_VERSION = 3.0;
				TEST_TARGET_NAME = fracApp;
			};
			name = Release;
		};
/* End XCBuildConfiguration section */

/* Begin XCConfigurationList section */
		5B9F81731EACEC9000509AAD /* Build configuration list for PBXProject "fracApp" */ = {
			isa = XCConfigurationList;
			buildConfigurations = (
				5B9F819E1EACEC9000509AAD /* Debug */,
				5B9F819F1EACEC9000509AAD /* Release */,
			);
			defaultConfigurationIsVisible = 0;
			defaultConfigurationName = Release;
		};
		5B9F81A01EACEC9000509AAD /* Build configuration list for PBXNativeTarget "fracApp" */ = {
			isa = XCConfigurationList;
			buildConfigurations = (
				5B9F81A11EACEC9000509AAD /* Debug */,
				5B9F81A21EACEC9000509AAD /* Release */,
			);
			defaultConfigurationIsVisible = 0;
			defaultConfigurationName = Release;
		};
		5B9F81A31EACEC9000509AAD /* Build configuration list for PBXNativeTarget "fracAppTests" */ = {
			isa = XCConfigurationList;
			buildConfigurations = (
				5B9F81A41EACEC9000509AAD /* Debug */,
				5B9F81A51EACEC9000509AAD /* Release */,
			);
			defaultConfigurationIsVisible = 0;
			defaultConfigurationName = Release;
		};
		5B9F81A61EACEC9000509AAD /* Build configuration list for PBXNativeTarget "fracAppUITests" */ = {
			isa = XCConfigurationList;
			buildConfigurations = (
				5B9F81A71EACEC9000509AAD /* Debug */,
				5B9F81A81EACEC9000509AAD /* Release */,
			);
			defaultConfigurationIsVisible = 0;
			defaultConfigurationName = Release;
		};
/* End XCConfigurationList section */
	};
	rootObject = 5B9F81701EACEC9000509AAD /* Project object */;
}
